
Microsoft Visual Studio Solution File, Format Version 12.00
# Visual Studio Version 16
VisualStudioVersion = 16.0.29503.13
MinimumVisualStudioVersion = 10.0.40219.1
Project("{8BC9CEB8-8B4A-11D0-8D11-00A0C91BC942}") = "algorithm", "algorithm\algorithm.vcxproj", "{5667EF0A-D475-4B92-894D-DE6BC4F25199}"
EndProject
Global
	GlobalSection(SolutionConfigurationPlatforms) = preSolution
		Debug|x64 = Debug|x64
		Debug|x86 = Debug|x86
		Release|x64 = Release|x64
		Release|x86 = Release|x86
	EndGlobalSection
	GlobalSection(ProjectConfigurationPlatforms) = postSolution
		{5667EF0A-D475-4B92-894D-DE6BC4F25199}.Debug|x64.ActiveCfg = Debug|x64
		{5667EF0A-D475-4B92-894D-DE6BC4F25199}.Debug|x64.Build.0 = Debug|x64
		{5667EF0A-D475-4B92-894D-DE6BC4F25199}.Debug|x86.ActiveCfg = Debug|Win32
		{5667EF0A-D475-4B92-894D-DE6BC4F25199}.Debug|x86.Build.0 = Debug|Win32
		{5667EF0A-D475-4B92-894D-DE6BC4F25199}.Release|x64.ActiveCfg = Release|x64
		{5667EF0A-D475-4B92-894D-DE6BC4F25199}.Release|x64.Build.0 = Release|x64
		{5667EF0A-D475-4B92-894D-DE6BC4F25199}.Release|x86.ActiveCfg = Release|Win32
		{5667EF0A-D475-4B92-894D-DE6BC4F25199}.Release|x86.Build.0 = Release|Win32
	EndGlobalSection
	GlobalSection(SolutionProperties) = preSolution
		HideSolutionNode = FALSE
	EndGlobalSection
	GlobalSection(ExtensibilityGlobals) = postSolution
		SolutionGuid = {89C9AC18-38C8-48CF-AA71-D8BD7D7D0545}
	EndGlobalSection
EndGlobal
